
Microsoft Visual Studio Solution File, Format Version 12.00
# Visual Studio Version 16
VisualStudioVersion = 16.0.29123.89
MinimumVisualStudioVersion = 10.0.40219.1
Project("{9A19103F-16F7-4668-BE54-9A1E7A4F7556}") = "SimpleTCP", "SimpleTCP\SimpleTCP.csproj", "{C9C99F87-E188-49D2-A323-09FE79F39F8D}"
EndProject
Project("{FAE04EC0-301F-11D3-BF4B-00C04F79EFBC}") = "SimpleTCP.Tests", "SimpleTCP.Tests\SimpleTCP.Tests.csproj", "{C5C05BEB-7275-4F35-B783-9955C8B04B81}"
EndProject
Project("{FAE04EC0-301F-11D3-BF4B-00C04F79EFBC}") = "SimpleTCP_Example", "SimpleTCP_Example\SimpleTCP_Example.csproj", "{D7836679-A926-4C5C-94BE-C8B6EB664301}"
EndProject
Project("{FAE04EC0-301F-11D3-BF4B-00C04F79EFBC}") = "SimpleTCP_ExampleAndroid", "SimpleTCP_ExampleAndroid\SimpleTCP_ExampleAndroid.csproj", "{3E9EA097-0793-4BEA-A8FA-1F6EFBD86D27}"
EndProject
Project("{FAE04EC0-301F-11D3-BF4B-00C04F79EFBC}") = "SimpleTCP.Android", "SimpleTCP.Android\SimpleTCP.Android.csproj", "{9001C83C-DA41-4AA2-A0C5-0C87A3F6A405}"
EndProject
Global
	GlobalSection(SolutionConfigurationPlatforms) = preSolution
		Debug|Any CPU = Debug|Any CPU
		Release|Any CPU = Release|Any CPU
	EndGlobalSection
	GlobalSection(ProjectConfigurationPlatforms) = postSolution
		{C9C99F87-E188-49D2-A323-09FE79F39F8D}.Debug|Any CPU.ActiveCfg = Debug|Any CPU
		{C9C99F87-E188-49D2-A323-09FE79F39F8D}.Debug|Any CPU.Build.0 = Debug|Any CPU
		{C9C99F87-E188-49D2-A323-09FE79F39F8D}.Release|Any CPU.ActiveCfg = Release|Any CPU
		{C9C99F87-E188-49D2-A323-09FE79F39F8D}.Release|Any CPU.Build.0 = Release|Any CPU
		{C5C05BEB-7275-4F35-B783-9955C8B04B81}.Debug|Any CPU.ActiveCfg = Debug|Any CPU
		{C5C05BEB-7275-4F35-B783-9955C8B04B81}.Debug|Any CPU.Build.0 = Debug|Any CPU
		{C5C05BEB-7275-4F35-B783-9955C8B04B81}.Release|Any CPU.ActiveCfg = Release|Any CPU
		{C5C05BEB-7275-4F35-B783-9955C8B04B81}.Release|Any CPU.Build.0 = Release|Any CPU
		{D7836679-A926-4C5C-94BE-C8B6EB664301}.Debug|Any CPU.ActiveCfg = Debug|Any CPU
		{D7836679-A926-4C5C-94BE-C8B6EB664301}.Debug|Any CPU.Build.0 = Debug|Any CPU
		{D7836679-A926-4C5C-94BE-C8B6EB664301}.Release|Any CPU.ActiveCfg = Release|Any CPU
		{D7836679-A926-4C5C-94BE-C8B6EB664301}.Release|Any CPU.Build.0 = Release|Any CPU
		{3E9EA097-0793-4BEA-A8FA-1F6EFBD86D27}.Debug|Any CPU.ActiveCfg = Debug|Any CPU
		{3E9EA097-0793-4BEA-A8FA-1F6EFBD86D27}.Debug|Any CPU.Build.0 = Debug|Any CPU
		{3E9EA097-0793-4BEA-A8FA-1F6EFBD86D27}.Debug|Any CPU.Deploy.0 = Debug|Any CPU
		{3E9EA097-0793-4BEA-A8FA-1F6EFBD86D27}.Release|Any CPU.ActiveCfg = Release|Any CPU
		{3E9EA097-0793-4BEA-A8FA-1F6EFBD86D27}.Release|Any CPU.Build.0 = Release|Any CPU
		{3E9EA097-0793-4BEA-A8FA-1F6EFBD86D27}.Release|Any CPU.Deploy.0 = Release|Any CPU
		{9001C83C-DA41-4AA2-A0C5-0C87A3F6A405}.Debug|Any CPU.ActiveCfg = Debug|Any CPU
		{9001C83C-DA41-4AA2-A0C5-0C87A3F6A405}.Debug|Any CPU.Build.0 = Debug|Any CPU
		{9001C83C-DA41-4AA2-A0C5-0C87A3F6A405}.Release|Any CPU.ActiveCfg = Release|Any CPU
		{9001C83C-DA41-4AA2-A0C5-0C87A3F6A405}.Release|Any CPU.Build.0 = Release|Any CPU
	EndGlobalSection
	GlobalSection(SolutionProperties) = preSolution
		HideSolutionNode = FALSE
	EndGlobalSection
	GlobalSection(ExtensibilityGlobals) = postSolution
		SolutionGuid = {96FFED66-3735-4713-8E79-8EB13051326C}
	EndGlobalSection
EndGlobal
